
Microsoft Visual Studio Solution File, Format Version 11.00
# Visual Studio 2010
Project("{FAE04EC0-301F-11D3-BF4B-00C04F79EFBC}") = "ControlPanel", "ControlPanel\ControlPanel.csproj", "{F3A95598-CBC4-46F5-BB22-AF6428118827}"
EndProject
Project("{2150E333-8FDC-42A3-9474-1A3956D46DE8}") = "Solution Items", "Solution Items", "{AD41A3CD-06C1-4AE1-AE90-874BC60D955D}"
	ProjectSection(SolutionItems) = preProject
		ControlPanel.vsmdi = ControlPanel.vsmdi
		Local.testsettings = Local.testsettings
		TraceAndTestImpact.testsettings = TraceAndTestImpact.testsettings
	EndProjectSection
EndProject
Project("{FAE04EC0-301F-11D3-BF4B-00C04F79EFBC}") = "ControlPanelTests", "ControlPanelTests\ControlPanelTests.csproj", "{2CC984AB-5941-41F5-83FA-45929D949EEE}"
EndProject
Project("{8BC9CEB8-8B4A-11D0-8D11-00A0C91BC942}") = "ScreenCaptureLib", "ScreenCaptureLib\ScreenCaptureLib.vcxproj", "{42181168-98B7-4411-8F21-32BDC8336D6E}"
EndProject
Global
	GlobalSection(TestCaseManagementSettings) = postSolution
		CategoryFile = ControlPanel.vsmdi
	EndGlobalSection
	GlobalSection(SolutionConfigurationPlatforms) = preSolution
		Debug|Any CPU = Debug|Any CPU
		Debug|Mixed Platforms = Debug|Mixed Platforms
		Debug|Win32 = Debug|Win32
		Debug|x86 = Debug|x86
		Release|Any CPU = Release|Any CPU
		Release|Mixed Platforms = Release|Mixed Platforms
		Release|Win32 = Release|Win32
		Release|x86 = Release|x86
	EndGlobalSection
	GlobalSection(ProjectConfigurationPlatforms) = postSolution
		{F3A95598-CBC4-46F5-BB22-AF6428118827}.Debug|Any CPU.ActiveCfg = Debug|x86
		{F3A95598-CBC4-46F5-BB22-AF6428118827}.Debug|Mixed Platforms.ActiveCfg = Debug|x86
		{F3A95598-CBC4-46F5-BB22-AF6428118827}.Debug|Mixed Platforms.Build.0 = Debug|x86
		{F3A95598-CBC4-46F5-BB22-AF6428118827}.Debug|Win32.ActiveCfg = Debug|x86
		{F3A95598-CBC4-46F5-BB22-AF6428118827}.Debug|x86.ActiveCfg = Debug|x86
		{F3A95598-CBC4-46F5-BB22-AF6428118827}.Debug|x86.Build.0 = Debug|x86
		{F3A95598-CBC4-46F5-BB22-AF6428118827}.Release|Any CPU.ActiveCfg = Release|x86
		{F3A95598-CBC4-46F5-BB22-AF6428118827}.Release|Mixed Platforms.ActiveCfg = Release|x86
		{F3A95598-CBC4-46F5-BB22-AF6428118827}.Release|Mixed Platforms.Build.0 = Release|x86
		{F3A95598-CBC4-46F5-BB22-AF6428118827}.Release|Win32.ActiveCfg = Release|x86
		{F3A95598-CBC4-46F5-BB22-AF6428118827}.Release|x86.ActiveCfg = Release|x86
		{F3A95598-CBC4-46F5-BB22-AF6428118827}.Release|x86.Build.0 = Release|x86
		{2CC984AB-5941-41F5-83FA-45929D949EEE}.Debug|Any CPU.ActiveCfg = Debug|Any CPU
		{2CC984AB-5941-41F5-83FA-45929D949EEE}.Debug|Any CPU.Build.0 = Debug|Any CPU
		{2CC984AB-5941-41F5-83FA-45929D949EEE}.Debug|Mixed Platforms.ActiveCfg = Debug|Any CPU
		{2CC984AB-5941-41F5-83FA-45929D949EEE}.Debug|Mixed Platforms.Build.0 = Debug|Any CPU
		{2CC984AB-5941-41F5-83FA-45929D949EEE}.Debug|Win32.ActiveCfg = Debug|Any CPU
		{2CC984AB-5941-41F5-83FA-45929D949EEE}.Debug|x86.ActiveCfg = Debug|Any CPU
		{2CC984AB-5941-41F5-83FA-45929D949EEE}.Release|Any CPU.ActiveCfg = Release|Any CPU
		{2CC984AB-5941-41F5-83FA-45929D949EEE}.Release|Any CPU.Build.0 = Release|Any CPU
		{2CC984AB-5941-41F5-83FA-45929D949EEE}.Release|Mixed Platforms.ActiveCfg = Release|Any CPU
		{2CC984AB-5941-41F5-83FA-45929D949EEE}.Release|Mixed Platforms.Build.0 = Release|Any CPU
		{2CC984AB-5941-41F5-83FA-45929D949EEE}.Release|Win32.ActiveCfg = Release|Any CPU
		{2CC984AB-5941-41F5-83FA-45929D949EEE}.Release|x86.ActiveCfg = Release|Any CPU
		{42181168-98B7-4411-8F21-32BDC8336D6E}.Debug|Any CPU.ActiveCfg = Debug|Win32
		{42181168-98B7-4411-8F21-32BDC8336D6E}.Debug|Mixed Platforms.ActiveCfg = Debug|Win32
		{42181168-98B7-4411-8F21-32BDC8336D6E}.Debug|Mixed Platforms.Build.0 = Debug|Win32
		{42181168-98B7-4411-8F21-32BDC8336D6E}.Debug|Win32.ActiveCfg = Debug|Win32
		{42181168-98B7-4411-8F21-32BDC8336D6E}.Debug|Win32.Build.0 = Debug|Win32
		{42181168-98B7-4411-8F21-32BDC8336D6E}.Debug|x86.ActiveCfg = Debug|Win32
		{42181168-98B7-4411-8F21-32BDC8336D6E}.Release|Any CPU.ActiveCfg = Release|Win32
		{42181168-98B7-4411-8F21-32BDC8336D6E}.Release|Mixed Platforms.ActiveCfg = Release|Win32
		{42181168-98B7-4411-8F21-32BDC8336D6E}.Release|Mixed Platforms.Build.0 = Release|Win32
		{42181168-98B7-4411-8F21-32BDC8336D6E}.Release|Win32.ActiveCfg = Release|Win32
		{42181168-98B7-4411-8F21-32BDC8336D6E}.Release|Win32.Build.0 = Release|Win32
		{42181168-98B7-4411-8F21-32BDC8336D6E}.Release|x86.ActiveCfg = Release|Win32
	EndGlobalSection
	GlobalSection(SolutionProperties) = preSolution
		HideSolutionNode = FALSE
	EndGlobalSection
EndGlobal
