
Microsoft Visual Studio Solution File, Format Version 11.00
# Visual Studio 2010
Project("{8BC9CEB8-8B4A-11D0-8D11-00A0C91BC942}") = "TestApp", "ArduinoComms\ArduinoComms.vcxproj", "{3D66D5AB-C7D3-4296-BDC2-F8C0A2537F31}"
	ProjectSection(ProjectDependencies) = postProject
		{ED7DE518-69C9-451D-A15E-468750E59660} = {ED7DE518-69C9-451D-A15E-468750E59660}
	EndProjectSection
EndProject
Project("{8BC9CEB8-8B4A-11D0-8D11-00A0C91BC942}") = "ArduinoCommsLib", "ArduinoCommsLib\ArduinoCommsLib.vcxproj", "{ED7DE518-69C9-451D-A15E-468750E59660}"
EndProject
Project("{FAE04EC0-301F-11D3-BF4B-00C04F79EFBC}") = "ControlPanel", "ControlPanel\ControlPanel.csproj", "{CED9CDE4-35AA-411F-A2BC-3A13A3336511}"
	ProjectSection(ProjectDependencies) = postProject
		{ED7DE518-69C9-451D-A15E-468750E59660} = {ED7DE518-69C9-451D-A15E-468750E59660}
		{289A5D41-C8A5-4F02-A10E-E7A6EFC893FF} = {289A5D41-C8A5-4F02-A10E-E7A6EFC893FF}
	EndProjectSection
EndProject
Project("{8BC9CEB8-8B4A-11D0-8D11-00A0C91BC942}") = "ScreenCaptureLib", "ScreenCaptureLib\ScreenCaptureLib.vcxproj", "{289A5D41-C8A5-4F02-A10E-E7A6EFC893FF}"
EndProject
Global
	GlobalSection(SolutionConfigurationPlatforms) = preSolution
		Debug|Mixed Platforms = Debug|Mixed Platforms
		Debug|Win32 = Debug|Win32
		Debug|x86 = Debug|x86
		Release|Mixed Platforms = Release|Mixed Platforms
		Release|Win32 = Release|Win32
		Release|x86 = Release|x86
	EndGlobalSection
	GlobalSection(ProjectConfigurationPlatforms) = postSolution
		{3D66D5AB-C7D3-4296-BDC2-F8C0A2537F31}.Debug|Mixed Platforms.ActiveCfg = Debug|Win32
		{3D66D5AB-C7D3-4296-BDC2-F8C0A2537F31}.Debug|Mixed Platforms.Build.0 = Debug|Win32
		{3D66D5AB-C7D3-4296-BDC2-F8C0A2537F31}.Debug|Win32.ActiveCfg = Debug|Win32
		{3D66D5AB-C7D3-4296-BDC2-F8C0A2537F31}.Debug|Win32.Build.0 = Debug|Win32
		{3D66D5AB-C7D3-4296-BDC2-F8C0A2537F31}.Debug|x86.ActiveCfg = Debug|Win32
		{3D66D5AB-C7D3-4296-BDC2-F8C0A2537F31}.Release|Mixed Platforms.ActiveCfg = Release|Win32
		{3D66D5AB-C7D3-4296-BDC2-F8C0A2537F31}.Release|Mixed Platforms.Build.0 = Release|Win32
		{3D66D5AB-C7D3-4296-BDC2-F8C0A2537F31}.Release|Win32.ActiveCfg = Release|Win32
		{3D66D5AB-C7D3-4296-BDC2-F8C0A2537F31}.Release|Win32.Build.0 = Release|Win32
		{3D66D5AB-C7D3-4296-BDC2-F8C0A2537F31}.Release|x86.ActiveCfg = Release|Win32
		{ED7DE518-69C9-451D-A15E-468750E59660}.Debug|Mixed Platforms.ActiveCfg = Debug|Win32
		{ED7DE518-69C9-451D-A15E-468750E59660}.Debug|Mixed Platforms.Build.0 = Debug|Win32
		{ED7DE518-69C9-451D-A15E-468750E59660}.Debug|Win32.ActiveCfg = Debug|Win32
		{ED7DE518-69C9-451D-A15E-468750E59660}.Debug|Win32.Build.0 = Debug|Win32
		{ED7DE518-69C9-451D-A15E-468750E59660}.Debug|x86.ActiveCfg = Debug|Win32
		{ED7DE518-69C9-451D-A15E-468750E59660}.Release|Mixed Platforms.ActiveCfg = Release|Win32
		{ED7DE518-69C9-451D-A15E-468750E59660}.Release|Mixed Platforms.Build.0 = Release|Win32
		{ED7DE518-69C9-451D-A15E-468750E59660}.Release|Win32.ActiveCfg = Release|Win32
		{ED7DE518-69C9-451D-A15E-468750E59660}.Release|Win32.Build.0 = Release|Win32
		{ED7DE518-69C9-451D-A15E-468750E59660}.Release|x86.ActiveCfg = Release|Win32
		{CED9CDE4-35AA-411F-A2BC-3A13A3336511}.Debug|Mixed Platforms.ActiveCfg = Debug|x86
		{CED9CDE4-35AA-411F-A2BC-3A13A3336511}.Debug|Mixed Platforms.Build.0 = Debug|x86
		{CED9CDE4-35AA-411F-A2BC-3A13A3336511}.Debug|Win32.ActiveCfg = Debug|x86
		{CED9CDE4-35AA-411F-A2BC-3A13A3336511}.Debug|x86.ActiveCfg = Debug|x86
		{CED9CDE4-35AA-411F-A2BC-3A13A3336511}.Debug|x86.Build.0 = Debug|x86
		{CED9CDE4-35AA-411F-A2BC-3A13A3336511}.Release|Mixed Platforms.ActiveCfg = Release|x86
		{CED9CDE4-35AA-411F-A2BC-3A13A3336511}.Release|Mixed Platforms.Build.0 = Release|x86
		{CED9CDE4-35AA-411F-A2BC-3A13A3336511}.Release|Win32.ActiveCfg = Release|x86
		{CED9CDE4-35AA-411F-A2BC-3A13A3336511}.Release|x86.ActiveCfg = Release|x86
		{CED9CDE4-35AA-411F-A2BC-3A13A3336511}.Release|x86.Build.0 = Release|x86
		{289A5D41-C8A5-4F02-A10E-E7A6EFC893FF}.Debug|Mixed Platforms.ActiveCfg = Debug|Win32
		{289A5D41-C8A5-4F02-A10E-E7A6EFC893FF}.Debug|Mixed Platforms.Build.0 = Debug|Win32
		{289A5D41-C8A5-4F02-A10E-E7A6EFC893FF}.Debug|Win32.ActiveCfg = Debug|Win32
		{289A5D41-C8A5-4F02-A10E-E7A6EFC893FF}.Debug|Win32.Build.0 = Debug|Win32
		{289A5D41-C8A5-4F02-A10E-E7A6EFC893FF}.Debug|x86.ActiveCfg = Debug|Win32
		{289A5D41-C8A5-4F02-A10E-E7A6EFC893FF}.Release|Mixed Platforms.ActiveCfg = Release|Win32
		{289A5D41-C8A5-4F02-A10E-E7A6EFC893FF}.Release|Mixed Platforms.Build.0 = Release|Win32
		{289A5D41-C8A5-4F02-A10E-E7A6EFC893FF}.Release|Win32.ActiveCfg = Release|Win32
		{289A5D41-C8A5-4F02-A10E-E7A6EFC893FF}.Release|Win32.Build.0 = Release|Win32
		{289A5D41-C8A5-4F02-A10E-E7A6EFC893FF}.Release|x86.ActiveCfg = Release|Win32
	EndGlobalSection
	GlobalSection(SolutionProperties) = preSolution
		HideSolutionNode = FALSE
	EndGlobalSection
EndGlobal
